
Microsoft Visual Studio Solution File, Format Version 12.00
# Visual Studio Version 17
VisualStudioVersion = 17.5.002.0
MinimumVisualStudioVersion = 10.0.40219.1
Project("{9A19103F-16F7-4668-BE54-9A1E7A4F7556}") = "HappyNoodles_ManagementApp", "HappyNoodles_ManagementApp.csproj", "{F70DE78D-DA66-4A69-85D9-73BE21ED12DD}"
EndProject
Global
	GlobalSection(SolutionConfigurationPlatforms) = preSolution
		Debug|Any CPU = Debug|Any CPU
		Release|Any CPU = Release|Any CPU
	EndGlobalSection
	GlobalSection(ProjectConfigurationPlatforms) = postSolution
		{F70DE78D-DA66-4A69-85D9-73BE21ED12DD}.Debug|Any CPU.ActiveCfg = Debug|Any CPU
		{F70DE78D-DA66-4A69-85D9-73BE21ED12DD}.Debug|Any CPU.Build.0 = Debug|Any CPU
		{F70DE78D-DA66-4A69-85D9-73BE21ED12DD}.Release|Any CPU.ActiveCfg = Release|Any CPU
		{F70DE78D-DA66-4A69-85D9-73BE21ED12DD}.Release|Any CPU.Build.0 = Release|Any CPU
	EndGlobalSection
	GlobalSection(SolutionProperties) = preSolution
		HideSolutionNode = FALSE
	EndGlobalSection
	GlobalSection(ExtensibilityGlobals) = postSolution
		SolutionGuid = {84350A2C-9E2C-4703-80F8-DBF8A5AC6CF3}
	EndGlobalSection
EndGlobal
